// !$*UTF8*$!
{
	archiveVersion = 1;
	classes = {
	};
	objectVersion = 56;
	objects = {

/* Begin PBXBuildFile section */
		4937D0D22C75860200734480 /* PreviewData.swift in Sources */ = {isa = PBXBuildFile; fileRef = 4937D0D12C75860200734480 /* PreviewData.swift */; };
		494057172C80099200C8A6BD /* CurrentWorkoutView.swift in Sources */ = {isa = PBXBuildFile; fileRef = 494057162C80099200C8A6BD /* CurrentWorkoutView.swift */; };
		49553D552C672A4400973C0B /* StronixApp.swift in Sources */ = {isa = PBXBuildFile; fileRef = 49553D542C672A4400973C0B /* StronixApp.swift */; };
		49553D572C672A4400973C0B /* ContentView.swift in Sources */ = {isa = PBXBuildFile; fileRef = 49553D562C672A4400973C0B /* ContentView.swift */; };
		49553D592C672A4400973C0B /* Assets.xcassets in Resources */ = {isa = PBXBuildFile; fileRef = 49553D582C672A4400973C0B /* Assets.xcassets */; };
		49553D5D2C672A4400973C0B /* Preview Assets.xcassets in Resources */ = {isa = PBXBuildFile; fileRef = 49553D5C2C672A4400973C0B /* Preview Assets.xcassets */; };
		49752E552C7597E600111109 /* ExerciseDetailView.swift in Sources */ = {isa = PBXBuildFile; fileRef = 49752E542C7597E600111109 /* ExerciseDetailView.swift */; };
		49752E572C75A06600111109 /* ExerciseEditor.swift in Sources */ = {isa = PBXBuildFile; fileRef = 49752E562C75A06600111109 /* ExerciseEditor.swift */; };
		49D38DE32C6AA59500D84C14 /* Exercise.swift in Sources */ = {isa = PBXBuildFile; fileRef = 49D38DE22C6AA59500D84C14 /* Exercise.swift */; };
		49D38DE52C6AAC6B00D84C14 /* Set.swift in Sources */ = {isa = PBXBuildFile; fileRef = 49D38DE42C6AAC6B00D84C14 /* Set.swift */; };
		49D38DE72C6AAF7500D84C14 /* Workout.swift in Sources */ = {isa = PBXBuildFile; fileRef = 49D38DE62C6AAF7500D84C14 /* Workout.swift */; };
		49D38DE92C6AB18100D84C14 /* WorkoutExercise.swift in Sources */ = {isa = PBXBuildFile; fileRef = 49D38DE82C6AB18100D84C14 /* WorkoutExercise.swift */; };
		49D38DEB2C6AB2EE00D84C14 /* Tag.swift in Sources */ = {isa = PBXBuildFile; fileRef = 49D38DEA2C6AB2EE00D84C14 /* Tag.swift */; };
		49D38DF22C6AC78A00D84C14 /* HomeView.swift in Sources */ = {isa = PBXBuildFile; fileRef = 49D38DF12C6AC78A00D84C14 /* HomeView.swift */; };
		49D38DF42C6AC81700D84C14 /* ExercisesView.swift in Sources */ = {isa = PBXBuildFile; fileRef = 49D38DF32C6AC81700D84C14 /* ExercisesView.swift */; };
		49D38DFA2C6ACA8700D84C14 /* SettingsView.swift in Sources */ = {isa = PBXBuildFile; fileRef = 49D38DF92C6ACA8700D84C14 /* SettingsView.swift */; };
		49D38DFC2C6ACAF500D84C14 /* PreviewContainer.swift in Sources */ = {isa = PBXBuildFile; fileRef = 49D38DFB2C6ACAF500D84C14 /* PreviewContainer.swift */; };
/* End PBXBuildFile section */

/* Begin PBXFileReference section */
		4937D0D12C75860200734480 /* PreviewData.swift */ = {isa = PBXFileReference; lastKnownFileType = sourcecode.swift; path = PreviewData.swift; sourceTree = "<group>"; };
		494057162C80099200C8A6BD /* CurrentWorkoutView.swift */ = {isa = PBXFileReference; lastKnownFileType = sourcecode.swift; path = CurrentWorkoutView.swift; sourceTree = "<group>"; };
		49553D512C672A4400973C0B /* Stronix.app */ = {isa = PBXFileReference; explicitFileType = wrapper.application; includeInIndex = 0; path = Stronix.app; sourceTree = BUILT_PRODUCTS_DIR; };
		49553D542C672A4400973C0B /* StronixApp.swift */ = {isa = PBXFileReference; lastKnownFileType = sourcecode.swift; path = StronixApp.swift; sourceTree = "<group>"; };
		49553D562C672A4400973C0B /* ContentView.swift */ = {isa = PBXFileReference; lastKnownFileType = sourcecode.swift; path = ContentView.swift; sourceTree = "<group>"; };
		49553D582C672A4400973C0B /* Assets.xcassets */ = {isa = PBXFileReference; lastKnownFileType = folder.assetcatalog; path = Assets.xcassets; sourceTree = "<group>"; };
		49553D5A2C672A4400973C0B /* Stronix.entitlements */ = {isa = PBXFileReference; lastKnownFileType = text.plist.entitlements; path = Stronix.entitlements; sourceTree = "<group>"; };
		49553D5C2C672A4400973C0B /* Preview Assets.xcassets */ = {isa = PBXFileReference; lastKnownFileType = folder.assetcatalog; path = "Preview Assets.xcassets"; sourceTree = "<group>"; };
		49752E542C7597E600111109 /* ExerciseDetailView.swift */ = {isa = PBXFileReference; lastKnownFileType = sourcecode.swift; path = ExerciseDetailView.swift; sourceTree = "<group>"; };
		49752E562C75A06600111109 /* ExerciseEditor.swift */ = {isa = PBXFileReference; lastKnownFileType = sourcecode.swift; path = ExerciseEditor.swift; sourceTree = "<group>"; };
		49D38DE22C6AA59500D84C14 /* Exercise.swift */ = {isa = PBXFileReference; lastKnownFileType = sourcecode.swift; path = Exercise.swift; sourceTree = "<group>"; };
		49D38DE42C6AAC6B00D84C14 /* Set.swift */ = {isa = PBXFileReference; lastKnownFileType = sourcecode.swift; path = Set.swift; sourceTree = "<group>"; };
		49D38DE62C6AAF7500D84C14 /* Workout.swift */ = {isa = PBXFileReference; lastKnownFileType = sourcecode.swift; path = Workout.swift; sourceTree = "<group>"; };
		49D38DE82C6AB18100D84C14 /* WorkoutExercise.swift */ = {isa = PBXFileReference; lastKnownFileType = sourcecode.swift; path = WorkoutExercise.swift; sourceTree = "<group>"; };
		49D38DEA2C6AB2EE00D84C14 /* Tag.swift */ = {isa = PBXFileReference; lastKnownFileType = sourcecode.swift; path = Tag.swift; sourceTree = "<group>"; };
		49D38DF12C6AC78A00D84C14 /* HomeView.swift */ = {isa = PBXFileReference; lastKnownFileType = sourcecode.swift; path = HomeView.swift; sourceTree = "<group>"; };
		49D38DF32C6AC81700D84C14 /* ExercisesView.swift */ = {isa = PBXFileReference; lastKnownFileType = sourcecode.swift; path = ExercisesView.swift; sourceTree = "<group>"; };
		49D38DF92C6ACA8700D84C14 /* SettingsView.swift */ = {isa = PBXFileReference; lastKnownFileType = sourcecode.swift; path = SettingsView.swift; sourceTree = "<group>"; };
		49D38DFB2C6ACAF500D84C14 /* PreviewContainer.swift */ = {isa = PBXFileReference; lastKnownFileType = sourcecode.swift; path = PreviewContainer.swift; sourceTree = "<group>"; };
/* End PBXFileReference section */

/* Begin PBXFrameworksBuildPhase section */
		49553D4E2C672A4400973C0B /* Frameworks */ = {
			isa = PBXFrameworksBuildPhase;
			buildActionMask = 2147483647;
			files = (
			);
			runOnlyForDeploymentPostprocessing = 0;
		};
/* End PBXFrameworksBuildPhase section */

/* Begin PBXGroup section */
		4937D0D32C758D7500734480 /* Exercises */ = {
			isa = PBXGroup;
			children = (
				49D38DF32C6AC81700D84C14 /* ExercisesView.swift */,
				49752E542C7597E600111109 /* ExerciseDetailView.swift */,
				49752E562C75A06600111109 /* ExerciseEditor.swift */,
			);
			path = Exercises;
			sourceTree = "<group>";
		};
		49553D482C672A4400973C0B = {
			isa = PBXGroup;
			children = (
				49553D532C672A4400973C0B /* Stronix */,
				49553D522C672A4400973C0B /* Products */,
			);
			sourceTree = "<group>";
		};
		49553D522C672A4400973C0B /* Products */ = {
			isa = PBXGroup;
			children = (
				49553D512C672A4400973C0B /* Stronix.app */,
			);
			name = Products;
			sourceTree = "<group>";
		};
		49553D532C672A4400973C0B /* Stronix */ = {
			isa = PBXGroup;
			children = (
				49D38DF02C6AC77F00D84C14 /* Views */,
				49D38DE12C6AA57800D84C14 /* Models */,
				49553D542C672A4400973C0B /* StronixApp.swift */,
				49553D562C672A4400973C0B /* ContentView.swift */,
				49553D582C672A4400973C0B /* Assets.xcassets */,
				49553D5A2C672A4400973C0B /* Stronix.entitlements */,
				49553D5B2C672A4400973C0B /* Preview Content */,
			);
			path = Stronix;
			sourceTree = "<group>";
		};
		49553D5B2C672A4400973C0B /* Preview Content */ = {
			isa = PBXGroup;
			children = (
				49553D5C2C672A4400973C0B /* Preview Assets.xcassets */,
				49D38DFB2C6ACAF500D84C14 /* PreviewContainer.swift */,
				4937D0D12C75860200734480 /* PreviewData.swift */,
			);
			path = "Preview Content";
			sourceTree = "<group>";
		};
		4976B7972C764ADA00A818B5 /* Home */ = {
			isa = PBXGroup;
			children = (
				49D38DF12C6AC78A00D84C14 /* HomeView.swift */,
				494057162C80099200C8A6BD /* CurrentWorkoutView.swift */,
			);
			path = Home;
			sourceTree = "<group>";
		};
		49D38DE12C6AA57800D84C14 /* Models */ = {
			isa = PBXGroup;
			children = (
				49D38DE22C6AA59500D84C14 /* Exercise.swift */,
				49D38DE42C6AAC6B00D84C14 /* Set.swift */,
				49D38DE62C6AAF7500D84C14 /* Workout.swift */,
				49D38DE82C6AB18100D84C14 /* WorkoutExercise.swift */,
				49D38DEA2C6AB2EE00D84C14 /* Tag.swift */,
			);
			path = Models;
			sourceTree = "<group>";
		};
		49D38DF02C6AC77F00D84C14 /* Views */ = {
			isa = PBXGroup;
			children = (
				4976B7972C764ADA00A818B5 /* Home */,
				4937D0D32C758D7500734480 /* Exercises */,
				49D38DF92C6ACA8700D84C14 /* SettingsView.swift */,
			);
			path = Views;
			sourceTree = "<group>";
		};
/* End PBXGroup section */

/* Begin PBXNativeTarget section */
		49553D502C672A4400973C0B /* Stronix */ = {
			isa = PBXNativeTarget;
			buildConfigurationList = 49553D602C672A4400973C0B /* Build configuration list for PBXNativeTarget "Stronix" */;
			buildPhases = (
				49553D4D2C672A4400973C0B /* Sources */,
				49553D4E2C672A4400973C0B /* Frameworks */,
				49553D4F2C672A4400973C0B /* Resources */,
			);
			buildRules = (
			);
			dependencies = (
			);
			name = Stronix;
			productName = Stronix;
			productReference = 49553D512C672A4400973C0B /* Stronix.app */;
			productType = "com.apple.product-type.application";
		};
/* End PBXNativeTarget section */

/* Begin PBXProject section */
		49553D492C672A4400973C0B /* Project object */ = {
			isa = PBXProject;
			attributes = {
				BuildIndependentTargetsInParallel = 1;
				LastSwiftUpdateCheck = 1540;
				LastUpgradeCheck = 1540;
				TargetAttributes = {
					49553D502C672A4400973C0B = {
						CreatedOnToolsVersion = 15.4;
					};
				};
			};
			buildConfigurationList = 49553D4C2C672A4400973C0B /* Build configuration list for PBXProject "Stronix" */;
			compatibilityVersion = "Xcode 14.0";
			developmentRegion = en;
			hasScannedForEncodings = 0;
			knownRegions = (
				en,
				Base,
			);
			mainGroup = 49553D482C672A4400973C0B;
			productRefGroup = 49553D522C672A4400973C0B /* Products */;
			projectDirPath = "";
			projectRoot = "";
			targets = (
				49553D502C672A4400973C0B /* Stronix */,
			);
		};
/* End PBXProject section */

/* Begin PBXResourcesBuildPhase section */
		49553D4F2C672A4400973C0B /* Resources */ = {
			isa = PBXResourcesBuildPhase;
			buildActionMask = 2147483647;
			files = (
				49553D5D2C672A4400973C0B /* Preview Assets.xcassets in Resources */,
				49553D592C672A4400973C0B /* Assets.xcassets in Resources */,
			);
			runOnlyForDeploymentPostprocessing = 0;
		};
/* End PBXResourcesBuildPhase section */

/* Begin PBXSourcesBuildPhase section */
		49553D4D2C672A4400973C0B /* Sources */ = {
			isa = PBXSourcesBuildPhase;
			buildActionMask = 2147483647;
			files = (
				49D38DFC2C6ACAF500D84C14 /* PreviewContainer.swift in Sources */,
				49D38DF42C6AC81700D84C14 /* ExercisesView.swift in Sources */,
				494057172C80099200C8A6BD /* CurrentWorkoutView.swift in Sources */,
				49D38DE52C6AAC6B00D84C14 /* Set.swift in Sources */,
				49752E572C75A06600111109 /* ExerciseEditor.swift in Sources */,
				49752E552C7597E600111109 /* ExerciseDetailView.swift in Sources */,
				49553D572C672A4400973C0B /* ContentView.swift in Sources */,
				49553D552C672A4400973C0B /* StronixApp.swift in Sources */,
				49D38DEB2C6AB2EE00D84C14 /* Tag.swift in Sources */,
				49D38DE72C6AAF7500D84C14 /* Workout.swift in Sources */,
				4937D0D22C75860200734480 /* PreviewData.swift in Sources */,
				49D38DF22C6AC78A00D84C14 /* HomeView.swift in Sources */,
				49D38DFA2C6ACA8700D84C14 /* SettingsView.swift in Sources */,
				49D38DE32C6AA59500D84C14 /* Exercise.swift in Sources */,
				49D38DE92C6AB18100D84C14 /* WorkoutExercise.swift in Sources */,
			);
			runOnlyForDeploymentPostprocessing = 0;
		};
/* End PBXSourcesBuildPhase section */

/* Begin XCBuildConfiguration section */
		49553D5E2C672A4400973C0B /* Debug */ = {
			isa = XCBuildConfiguration;
			buildSettings = {
				ALWAYS_SEARCH_USER_PATHS = NO;
				ASSETCATALOG_COMPILER_GENERATE_SWIFT_ASSET_SYMBOL_EXTENSIONS = YES;
				CLANG_ANALYZER_NONNULL = YES;
				CLANG_ANALYZER_NUMBER_OBJECT_CONVERSION = YES_AGGRESSIVE;
				CLANG_CXX_LANGUAGE_STANDARD = "gnu++20";
				CLANG_ENABLE_MODULES = YES;
				CLANG_ENABLE_OBJC_ARC = YES;
				CLANG_ENABLE_OBJC_WEAK = YES;
				CLANG_WARN_BLOCK_CAPTURE_AUTORELEASING = YES;
				CLANG_WARN_BOOL_CONVERSION = YES;
				CLANG_WARN_COMMA = YES;
				CLANG_WARN_CONSTANT_CONVERSION = YES;
				CLANG_WARN_DEPRECATED_OBJC_IMPLEMENTATIONS = YES;
				CLANG_WARN_DIRECT_OBJC_ISA_USAGE = YES_ERROR;
				CLANG_WARN_DOCUMENTATION_COMMENTS = YES;
				CLANG_WARN_EMPTY_BODY = YES;
				CLANG_WARN_ENUM_CONVERSION = YES;
				CLANG_WARN_INFINITE_RECURSION = YES;
				CLANG_WARN_INT_CONVERSION = YES;
				CLANG_WARN_NON_LITERAL_NULL_CONVERSION = YES;
				CLANG_WARN_OBJC_IMPLICIT_RETAIN_SELF = YES;
				CLANG_WARN_OBJC_LITERAL_CONVERSION = YES;
				CLANG_WARN_OBJC_ROOT_CLASS = YES_ERROR;
				CLANG_WARN_QUOTED_INCLUDE_IN_FRAMEWORK_HEADER = YES;
				CLANG_WARN_RANGE_LOOP_ANALYSIS = YES;
				CLANG_WARN_STRICT_PROTOTYPES = YES;
				CLANG_WARN_SUSPICIOUS_MOVE = YES;
				CLANG_WARN_UNGUARDED_AVAILABILITY = YES_AGGRESSIVE;
				CLANG_WARN_UNREACHABLE_CODE = YES;
				CLANG_WARN__DUPLICATE_METHOD_MATCH = YES;
				COPY_PHASE_STRIP = NO;
				DEBUG_INFORMATION_FORMAT = dwarf;
				ENABLE_STRICT_OBJC_MSGSEND = YES;
				ENABLE_TESTABILITY = YES;
				ENABLE_USER_SCRIPT_SANDBOXING = YES;
				GCC_C_LANGUAGE_STANDARD = gnu17;
				GCC_DYNAMIC_NO_PIC = NO;
				GCC_NO_COMMON_BLOCKS = YES;
				GCC_OPTIMIZATION_LEVEL = 0;
				GCC_PREPROCESSOR_DEFINITIONS = (
					"DEBUG=1",
					"$(inherited)",
				);
				GCC_WARN_64_TO_32_BIT_CONVERSION = YES;
				GCC_WARN_ABOUT_RETURN_TYPE = YES_ERROR;
				GCC_WARN_UNDECLARED_SELECTOR = YES;
				GCC_WARN_UNINITIALIZED_AUTOS = YES_AGGRESSIVE;
				GCC_WARN_UNUSED_FUNCTION = YES;
				GCC_WARN_UNUSED_VARIABLE = YES;
				LOCALIZATION_PREFERS_STRING_CATALOGS = YES;
				MTL_ENABLE_DEBUG_INFO = INCLUDE_SOURCE;
				MTL_FAST_MATH = YES;
				ONLY_ACTIVE_ARCH = YES;
				SWIFT_ACTIVE_COMPILATION_CONDITIONS = "DEBUG $(inherited)";
				SWIFT_OPTIMIZATION_LEVEL = "-Onone";
			};
			name = Debug;
		};
		49553D5F2C672A4400973C0B /* Release */ = {
			isa = XCBuildConfiguration;
			buildSettings = {
				ALWAYS_SEARCH_USER_PATHS = NO;
				ASSETCATALOG_COMPILER_GENERATE_SWIFT_ASSET_SYMBOL_EXTENSIONS = YES;
				CLANG_ANALYZER_NONNULL = YES;
				CLANG_ANALYZER_NUMBER_OBJECT_CONVERSION = YES_AGGRESSIVE;
				CLANG_CXX_LANGUAGE_STANDARD = "gnu++20";
				CLANG_ENABLE_MODULES = YES;
				CLANG_ENABLE_OBJC_ARC = YES;
				CLANG_ENABLE_OBJC_WEAK = YES;
				CLANG_WARN_BLOCK_CAPTURE_AUTORELEASING = YES;
				CLANG_WARN_BOOL_CONVERSION = YES;
				CLANG_WARN_COMMA = YES;
				CLANG_WARN_CONSTANT_CONVERSION = YES;
				CLANG_WARN_DEPRECATED_OBJC_IMPLEMENTATIONS = YES;
				CLANG_WARN_DIRECT_OBJC_ISA_USAGE = YES_ERROR;
				CLANG_WARN_DOCUMENTATION_COMMENTS = YES;
				CLANG_WARN_EMPTY_BODY = YES;
				CLANG_WARN_ENUM_CONVERSION = YES;
				CLANG_WARN_INFINITE_RECURSION = YES;
				CLANG_WARN_INT_CONVERSION = YES;
				CLANG_WARN_NON_LITERAL_NULL_CONVERSION = YES;
				CLANG_WARN_OBJC_IMPLICIT_RETAIN_SELF = YES;
				CLANG_WARN_OBJC_LITERAL_CONVERSION = YES;
				CLANG_WARN_OBJC_ROOT_CLASS = YES_ERROR;
				CLANG_WARN_QUOTED_INCLUDE_IN_FRAMEWORK_HEADER = YES;
				CLANG_WARN_RANGE_LOOP_ANALYSIS = YES;
				CLANG_WARN_STRICT_PROTOTYPES = YES;
				CLANG_WARN_SUSPICIOUS_MOVE = YES;
				CLANG_WARN_UNGUARDED_AVAILABILITY = YES_AGGRESSIVE;
				CLANG_WARN_UNREACHABLE_CODE = YES;
				CLANG_WARN__DUPLICATE_METHOD_MATCH = YES;
				COPY_PHASE_STRIP = NO;
				DEBUG_INFORMATION_FORMAT = "dwarf-with-dsym";
				ENABLE_NS_ASSERTIONS = NO;
				ENABLE_STRICT_OBJC_MSGSEND = YES;
				ENABLE_USER_SCRIPT_SANDBOXING = YES;
				GCC_C_LANGUAGE_STANDARD = gnu17;
				GCC_NO_COMMON_BLOCKS = YES;
				GCC_WARN_64_TO_32_BIT_CONVERSION = YES;
				GCC_WARN_ABOUT_RETURN_TYPE = YES_ERROR;
				GCC_WARN_UNDECLARED_SELECTOR = YES;
				GCC_WARN_UNINITIALIZED_AUTOS = YES_AGGRESSIVE;
				GCC_WARN_UNUSED_FUNCTION = YES;
				GCC_WARN_UNUSED_VARIABLE = YES;
				LOCALIZATION_PREFERS_STRING_CATALOGS = YES;
				MTL_ENABLE_DEBUG_INFO = NO;
				MTL_FAST_MATH = YES;
				SWIFT_COMPILATION_MODE = wholemodule;
			};
			name = Release;
		};
		49553D612C672A4400973C0B /* Debug */ = {
			isa = XCBuildConfiguration;
			buildSettings = {
				ASSETCATALOG_COMPILER_APPICON_NAME = AppIcon;
				ASSETCATALOG_COMPILER_GLOBAL_ACCENT_COLOR_NAME = AccentColor;
				CODE_SIGN_ENTITLEMENTS = Stronix/Stronix.entitlements;
				CODE_SIGN_STYLE = Automatic;
				CURRENT_PROJECT_VERSION = 1;
				DEVELOPMENT_ASSET_PATHS = "\"Stronix/Preview Content\"";
				DEVELOPMENT_TEAM = MRKVA8MLPY;
				ENABLE_HARDENED_RUNTIME = YES;
				ENABLE_PREVIEWS = YES;
				GENERATE_INFOPLIST_FILE = YES;
				INFOPLIST_KEY_LSApplicationCategoryType = "public.app-category.sports";
				"INFOPLIST_KEY_UIApplicationSceneManifest_Generation[sdk=iphoneos*]" = YES;
				"INFOPLIST_KEY_UIApplicationSceneManifest_Generation[sdk=iphonesimulator*]" = YES;
				"INFOPLIST_KEY_UIApplicationSupportsIndirectInputEvents[sdk=iphoneos*]" = YES;
				"INFOPLIST_KEY_UIApplicationSupportsIndirectInputEvents[sdk=iphonesimulator*]" = YES;
				"INFOPLIST_KEY_UILaunchScreen_Generation[sdk=iphoneos*]" = YES;
				"INFOPLIST_KEY_UILaunchScreen_Generation[sdk=iphonesimulator*]" = YES;
				INFOPLIST_KEY_UIRequiresFullScreen = YES;
				"INFOPLIST_KEY_UIStatusBarStyle[sdk=iphoneos*]" = UIStatusBarStyleDefault;
				"INFOPLIST_KEY_UIStatusBarStyle[sdk=iphonesimulator*]" = UIStatusBarStyleDefault;
				INFOPLIST_KEY_UISupportedInterfaceOrientations = UIInterfaceOrientationPortrait;
				IPHONEOS_DEPLOYMENT_TARGET = 17.5;
				LD_RUNPATH_SEARCH_PATHS = "@executable_path/Frameworks";
				"LD_RUNPATH_SEARCH_PATHS[sdk=macosx*]" = "@executable_path/../Frameworks";
				MACOSX_DEPLOYMENT_TARGET = 14.5;
				MARKETING_VERSION = 1.0;
				PRODUCT_BUNDLE_IDENTIFIER = com.lutzzdias.Stronix;
				PRODUCT_NAME = "$(TARGET_NAME)";
				SDKROOT = auto;
				SUPPORTED_PLATFORMS = "iphoneos iphonesimulator macosx";
				SWIFT_EMIT_LOC_STRINGS = YES;
				SWIFT_VERSION = 5.0;
				TARGETED_DEVICE_FAMILY = "1,2";
			};
			name = Debug;
		};
		49553D622C672A4400973C0B /* Release */ = {
			isa = XCBuildConfiguration;
			buildSettings = {
				ASSETCATALOG_COMPILER_APPICON_NAME = AppIcon;
				ASSETCATALOG_COMPILER_GLOBAL_ACCENT_COLOR_NAME = AccentColor;
				CODE_SIGN_ENTITLEMENTS = Stronix/Stronix.entitlements;
				CODE_SIGN_STYLE = Automatic;
				CURRENT_PROJECT_VERSION = 1;
				DEVELOPMENT_ASSET_PATHS = "\"Stronix/Preview Content\"";
				DEVELOPMENT_TEAM = MRKVA8MLPY;
				ENABLE_HARDENED_RUNTIME = YES;
				ENABLE_PREVIEWS = YES;
				GENERATE_INFOPLIST_FILE = YES;
				INFOPLIST_KEY_LSApplicationCategoryType = "public.app-category.sports";
				"INFOPLIST_KEY_UIApplicationSceneManifest_Generation[sdk=iphoneos*]" = YES;
				"INFOPLIST_KEY_UIApplicationSceneManifest_Generation[sdk=iphonesimulator*]" = YES;
				"INFOPLIST_KEY_UIApplicationSupportsIndirectInputEvents[sdk=iphoneos*]" = YES;
				"INFOPLIST_KEY_UIApplicationSupportsIndirectInputEvents[sdk=iphonesimulator*]" = YES;
				"INFOPLIST_KEY_UILaunchScreen_Generation[sdk=iphoneos*]" = YES;
				"INFOPLIST_KEY_UILaunchScreen_Generation[sdk=iphonesimulator*]" = YES;
				INFOPLIST_KEY_UIRequiresFullScreen = YES;
				"INFOPLIST_KEY_UIStatusBarStyle[sdk=iphoneos*]" = UIStatusBarStyleDefault;
				"INFOPLIST_KEY_UIStatusBarStyle[sdk=iphonesimulator*]" = UIStatusBarStyleDefault;
				INFOPLIST_KEY_UISupportedInterfaceOrientations = UIInterfaceOrientationPortrait;
				IPHONEOS_DEPLOYMENT_TARGET = 17.5;
				LD_RUNPATH_SEARCH_PATHS = "@executable_path/Frameworks";
				"LD_RUNPATH_SEARCH_PATHS[sdk=macosx*]" = "@executable_path/../Frameworks";
				MACOSX_DEPLOYMENT_TARGET = 14.5;
				MARKETING_VERSION = 1.0;
				PRODUCT_BUNDLE_IDENTIFIER = com.lutzzdias.Stronix;
				PRODUCT_NAME = "$(TARGET_NAME)";
				SDKROOT = auto;
				SUPPORTED_PLATFORMS = "iphoneos iphonesimulator macosx";
				SWIFT_EMIT_LOC_STRINGS = YES;
				SWIFT_VERSION = 5.0;
				TARGETED_DEVICE_FAMILY = "1,2";
			};
			name = Release;
		};
/* End XCBuildConfiguration section */

/* Begin XCConfigurationList section */
		49553D4C2C672A4400973C0B /* Build configuration list for PBXProject "Stronix" */ = {
			isa = XCConfigurationList;
			buildConfigurations = (
				49553D5E2C672A4400973C0B /* Debug */,
				49553D5F2C672A4400973C0B /* Release */,
			);
			defaultConfigurationIsVisible = 0;
			defaultConfigurationName = Release;
		};
		49553D602C672A4400973C0B /* Build configuration list for PBXNativeTarget "Stronix" */ = {
			isa = XCConfigurationList;
			buildConfigurations = (
				49553D612C672A4400973C0B /* Debug */,
				49553D622C672A4400973C0B /* Release */,
			);
			defaultConfigurationIsVisible = 0;
			defaultConfigurationName = Release;
		};
/* End XCConfigurationList section */
	};
	rootObject = 49553D492C672A4400973C0B /* Project object */;
}
